
Microsoft Visual Studio Solution File, Format Version 12.00
# Visual Studio 15
VisualStudioVersion = 15.0.27703.2042
MinimumVisualStudioVersion = 10.0.40219.1
Project("{FAE04EC0-301F-11D3-BF4B-00C04F79EFBC}") = "OGGenerator.Tests", "OGGenerator.Tests\OGGenerator.Tests.csproj", "{AC0468A7-52C0-4B42-BA3A-E225A56C28B0}"
EndProject
Project("{FAE04EC0-301F-11D3-BF4B-00C04F79EFBC}") = "OGGenerator.Infrastructure", "OGGenerator.Infrastructure\OGGenerator.Infrastructure.csproj", "{9C918C85-E8AB-4A6B-BA03-839AA0F5D679}"
EndProject
Project("{FAE04EC0-301F-11D3-BF4B-00C04F79EFBC}") = "OGGenerator.ConsoleOps", "OGGenerator.Console\OGGenerator.ConsoleOps.csproj", "{076CAF37-A7DB-4E80-9665-A2667A3F9B15}"
EndProject
Project("{FAE04EC0-301F-11D3-BF4B-00C04F79EFBC}") = "OGGenerator.BLL", "OGGenerator.BLL\OGGenerator.BLL.csproj", "{3D3EEB90-FA30-4342-B1A9-69953C9FD649}"
EndProject
Project("{FAE04EC0-301F-11D3-BF4B-00C04F79EFBC}") = "OGGenerator.Domain", "OGGenerator.Domain\OGGenerator.Domain.csproj", "{A93E7E61-D5F2-4DB5-B5E2-A684CEF3367D}"
EndProject
Project("{FAE04EC0-301F-11D3-BF4B-00C04F79EFBC}") = "OGGenerator.CrossCutting", "OGGenerator.CrossCutting\OGGenerator.CrossCutting.csproj", "{C2F7469C-D001-4978-B1FB-CE737C5B15B9}"
EndProject
Global
	GlobalSection(SolutionConfigurationPlatforms) = preSolution
		Debug|Any CPU = Debug|Any CPU
		Release|Any CPU = Release|Any CPU
	EndGlobalSection
	GlobalSection(ProjectConfigurationPlatforms) = postSolution
		{AC0468A7-52C0-4B42-BA3A-E225A56C28B0}.Debug|Any CPU.ActiveCfg = Debug|Any CPU
		{AC0468A7-52C0-4B42-BA3A-E225A56C28B0}.Debug|Any CPU.Build.0 = Debug|Any CPU
		{AC0468A7-52C0-4B42-BA3A-E225A56C28B0}.Release|Any CPU.ActiveCfg = Release|Any CPU
		{AC0468A7-52C0-4B42-BA3A-E225A56C28B0}.Release|Any CPU.Build.0 = Release|Any CPU
		{9C918C85-E8AB-4A6B-BA03-839AA0F5D679}.Debug|Any CPU.ActiveCfg = Debug|Any CPU
		{9C918C85-E8AB-4A6B-BA03-839AA0F5D679}.Debug|Any CPU.Build.0 = Debug|Any CPU
		{9C918C85-E8AB-4A6B-BA03-839AA0F5D679}.Release|Any CPU.ActiveCfg = Release|Any CPU
		{9C918C85-E8AB-4A6B-BA03-839AA0F5D679}.Release|Any CPU.Build.0 = Release|Any CPU
		{076CAF37-A7DB-4E80-9665-A2667A3F9B15}.Debug|Any CPU.ActiveCfg = Debug|Any CPU
		{076CAF37-A7DB-4E80-9665-A2667A3F9B15}.Debug|Any CPU.Build.0 = Debug|Any CPU
		{076CAF37-A7DB-4E80-9665-A2667A3F9B15}.Release|Any CPU.ActiveCfg = Release|Any CPU
		{076CAF37-A7DB-4E80-9665-A2667A3F9B15}.Release|Any CPU.Build.0 = Release|Any CPU
		{3D3EEB90-FA30-4342-B1A9-69953C9FD649}.Debug|Any CPU.ActiveCfg = Debug|Any CPU
		{3D3EEB90-FA30-4342-B1A9-69953C9FD649}.Debug|Any CPU.Build.0 = Debug|Any CPU
		{3D3EEB90-FA30-4342-B1A9-69953C9FD649}.Release|Any CPU.ActiveCfg = Release|Any CPU
		{3D3EEB90-FA30-4342-B1A9-69953C9FD649}.Release|Any CPU.Build.0 = Release|Any CPU
		{A93E7E61-D5F2-4DB5-B5E2-A684CEF3367D}.Debug|Any CPU.ActiveCfg = Debug|Any CPU
		{A93E7E61-D5F2-4DB5-B5E2-A684CEF3367D}.Debug|Any CPU.Build.0 = Debug|Any CPU
		{A93E7E61-D5F2-4DB5-B5E2-A684CEF3367D}.Release|Any CPU.ActiveCfg = Release|Any CPU
		{A93E7E61-D5F2-4DB5-B5E2-A684CEF3367D}.Release|Any CPU.Build.0 = Release|Any CPU
		{C2F7469C-D001-4978-B1FB-CE737C5B15B9}.Debug|Any CPU.ActiveCfg = Debug|Any CPU
		{C2F7469C-D001-4978-B1FB-CE737C5B15B9}.Debug|Any CPU.Build.0 = Debug|Any CPU
		{C2F7469C-D001-4978-B1FB-CE737C5B15B9}.Release|Any CPU.ActiveCfg = Release|Any CPU
		{C2F7469C-D001-4978-B1FB-CE737C5B15B9}.Release|Any CPU.Build.0 = Release|Any CPU
	EndGlobalSection
	GlobalSection(SolutionProperties) = preSolution
		HideSolutionNode = FALSE
	EndGlobalSection
	GlobalSection(ExtensibilityGlobals) = postSolution
		SolutionGuid = {707BA768-2089-4215-A674-1108960BDF86}
	EndGlobalSection
EndGlobal
